
Microsoft Visual Studio Solution File, Format Version 10.00
# Visual Studio 2008
Project("{8BC9CEB8-8B4A-11D0-8D11-00A0C91BC942}") = "T09ANIM", "T09ANIM.vcproj", "{C048C83C-65AF-4F5C-B6FF-8F250FFAFACF}"
EndProject
Global
	GlobalSection(SolutionConfigurationPlatforms) = preSolution
		Debug|Win32 = Debug|Win32
		Release|Win32 = Release|Win32
	EndGlobalSection
	GlobalSection(ProjectConfigurationPlatforms) = postSolution
		{C048C83C-65AF-4F5C-B6FF-8F250FFAFACF}.Debug|Win32.ActiveCfg = Debug|Win32
		{C048C83C-65AF-4F5C-B6FF-8F250FFAFACF}.Debug|Win32.Build.0 = Debug|Win32
		{C048C83C-65AF-4F5C-B6FF-8F250FFAFACF}.Release|Win32.ActiveCfg = Release|Win32
		{C048C83C-65AF-4F5C-B6FF-8F250FFAFACF}.Release|Win32.Build.0 = Release|Win32
	EndGlobalSection
	GlobalSection(SolutionProperties) = preSolution
		HideSolutionNode = FALSE
	EndGlobalSection
EndGlobal
